
Microsoft Visual Studio Solution File, Format Version 12.00
# Visual Studio Version 17
VisualStudioVersion = 17.0.31903.59
MinimumVisualStudioVersion = 10.0.40219.1
Project("{2150E333-8FDC-42A3-9474-1A3956D46DE8}") = "src", "src", "{827E0CD3-B72D-47B6-A68D-7590B98EB39B}"
EndProject
Project("{FAE04EC0-301F-11D3-BF4B-00C04F79EFBC}") = "ImageLib.Core", "src\ImageLib.Core\ImageLib.Core.csproj", "{E2C5B751-8647-4969-83C3-5BFF05B34040}"
EndProject
Project("{FAE04EC0-301F-11D3-BF4B-00C04F79EFBC}") = "ImageLib.HalconBridge", "src\ImageLib.HalconBridge\ImageLib.HalconBridge.csproj", "{39CCF0B3-F5FA-4F2B-8A30-0C047BF1D847}"
EndProject
Project("{FAE04EC0-301F-11D3-BF4B-00C04F79EFBC}") = "ImageLib.Operators", "src\ImageLib.Operators\ImageLib.Operators.csproj", "{4F0923B8-F638-4790-851A-7686D5E770AE}"
EndProject
Project("{FAE04EC0-301F-11D3-BF4B-00C04F79EFBC}") = "CommLib.Core", "src\CommLib.Core\CommLib.Core.csproj", "{83952A57-94C4-4F87-8D10-9D1463D8C90B}"
EndProject
Project("{FAE04EC0-301F-11D3-BF4B-00C04F79EFBC}") = "CommLib.SerialPort", "src\CommLib.SerialPort\CommLib.SerialPort.csproj", "{ABEC5877-000F-429E-B593-794513080615}"
EndProject
Project("{FAE04EC0-301F-11D3-BF4B-00C04F79EFBC}") = "CommLib.Modbus", "src\CommLib.Modbus\CommLib.Modbus.csproj", "{46276413-A415-404B-A33B-2F002B374A2A}"
EndProject
Project("{FAE04EC0-301F-11D3-BF4B-00C04F79EFBC}") = "CommLib.TcpUdp", "src\CommLib.TcpUdp\CommLib.TcpUdp.csproj", "{CA1C113B-BF72-44E4-BD0B-5EF34667948E}"
EndProject
Project("{FAE04EC0-301F-11D3-BF4B-00C04F79EFBC}") = "CommLib.WebApi", "src\CommLib.WebApi\CommLib.WebApi.csproj", "{E9A613C4-D1C1-4DDC-A42C-BBBDF680A1A0}"
EndProject
Project("{FAE04EC0-301F-11D3-BF4B-00C04F79EFBC}") = "CommLib.PLC.Mitsubishi", "src\CommLib.PLC.Mitsubishi\CommLib.PLC.Mitsubishi.csproj", "{06D29E26-0B16-4FA2-9AA7-9E8DC60566A1}"
EndProject
Project("{FAE04EC0-301F-11D3-BF4B-00C04F79EFBC}") = "CommLib.PLC.Siemens", "src\CommLib.PLC.Siemens\CommLib.PLC.Siemens.csproj", "{574CE937-A206-4D85-AB67-9CD110A032FD}"
EndProject
Project("{FAE04EC0-301F-11D3-BF4B-00C04F79EFBC}") = "CommLib.SecsGem", "src\CommLib.SecsGem\CommLib.SecsGem.csproj", "{CF6E70A4-E026-4B16-A5D1-DFA35865A940}"
EndProject
Project("{FAE04EC0-301F-11D3-BF4B-00C04F79EFBC}") = "SystemLib.Core", "src\SystemLib.Core\SystemLib.Core.csproj", "{1F73A997-E8F7-44A1-BB5A-E46BFE7B6176}"
EndProject
Project("{FAE04EC0-301F-11D3-BF4B-00C04F79EFBC}") = "SystemLib.Services", "src\SystemLib.Services\SystemLib.Services.csproj", "{8EAD9FB5-301E-43B7-AE81-9A5A790DEBDA}"
EndProject
Project("{FAE04EC0-301F-11D3-BF4B-00C04F79EFBC}") = "WorkflowEngine.Core", "src\WorkflowEngine.Core\WorkflowEngine.Core.csproj", "{DA02733F-AB69-48E0-BA7B-7093C590726A}"
EndProject
Project("{FAE04EC0-301F-11D3-BF4B-00C04F79EFBC}") = "App.Wpf", "src\App.Wpf\App.Wpf.csproj", "{19351679-BBA5-4A7B-8FE1-8EB454B871C6}"
EndProject
Project("{FAE04EC0-301F-11D3-BF4B-00C04F79EFBC}") = "ImageLib.Tests", "tests\ImageLib.Tests\ImageLib.Tests.csproj", "{3C87466A-693D-4970-99F5-F6F3038BBBD2}"
EndProject
Project("{FAE04EC0-301F-11D3-BF4B-00C04F79EFBC}") = "CommLib.Tests", "tests\CommLib.Tests\CommLib.Tests.csproj", "{C146989E-98E1-4D09-840C-EEE72D603501}"
EndProject
Project("{FAE04EC0-301F-11D3-BF4B-00C04F79EFBC}") = "WorkflowEngine.Tests", "tests\WorkflowEngine.Tests\WorkflowEngine.Tests.csproj", "{304AD1E0-B332-4C09-98C3-EECE3A5CAC87}"
EndProject
Project("{FAE04EC0-301F-11D3-BF4B-00C04F79EFBC}") = "SystemLib.Tests", "tests\SystemLib.Tests\SystemLib.Tests.csproj", "{DA0E1A15-7C47-48B0-8CC0-1B2D82583F76}"
EndProject
Global
	GlobalSection(SolutionConfigurationPlatforms) = preSolution
		Debug|Any CPU = Debug|Any CPU
		Debug|x64 = Debug|x64
		Debug|x86 = Debug|x86
		Release|Any CPU = Release|Any CPU
		Release|x64 = Release|x64
		Release|x86 = Release|x86
	EndGlobalSection
	GlobalSection(ProjectConfigurationPlatforms) = postSolution
		{E2C5B751-8647-4969-83C3-5BFF05B34040}.Debug|Any CPU.ActiveCfg = Debug|Any CPU
		{E2C5B751-8647-4969-83C3-5BFF05B34040}.Debug|Any CPU.Build.0 = Debug|Any CPU
		{E2C5B751-8647-4969-83C3-5BFF05B34040}.Debug|x64.ActiveCfg = Debug|Any CPU
		{E2C5B751-8647-4969-83C3-5BFF05B34040}.Debug|x64.Build.0 = Debug|Any CPU
		{E2C5B751-8647-4969-83C3-5BFF05B34040}.Debug|x86.ActiveCfg = Debug|Any CPU
		{E2C5B751-8647-4969-83C3-5BFF05B34040}.Debug|x86.Build.0 = Debug|Any CPU
		{E2C5B751-8647-4969-83C3-5BFF05B34040}.Release|Any CPU.ActiveCfg = Release|Any CPU
		{E2C5B751-8647-4969-83C3-5BFF05B34040}.Release|Any CPU.Build.0 = Release|Any CPU
		{E2C5B751-8647-4969-83C3-5BFF05B34040}.Release|x64.ActiveCfg = Release|Any CPU
		{E2C5B751-8647-4969-83C3-5BFF05B34040}.Release|x64.Build.0 = Release|Any CPU
		{E2C5B751-8647-4969-83C3-5BFF05B34040}.Release|x86.ActiveCfg = Release|Any CPU
		{E2C5B751-8647-4969-83C3-5BFF05B34040}.Release|x86.Build.0 = Release|Any CPU
		{39CCF0B3-F5FA-4F2B-8A30-0C047BF1D847}.Debug|Any CPU.ActiveCfg = Debug|Any CPU
		{39CCF0B3-F5FA-4F2B-8A30-0C047BF1D847}.Debug|Any CPU.Build.0 = Debug|Any CPU
		{39CCF0B3-F5FA-4F2B-8A30-0C047BF1D847}.Debug|x64.ActiveCfg = Debug|Any CPU
		{39CCF0B3-F5FA-4F2B-8A30-0C047BF1D847}.Debug|x64.Build.0 = Debug|Any CPU
		{39CCF0B3-F5FA-4F2B-8A30-0C047BF1D847}.Debug|x86.ActiveCfg = Debug|Any CPU
		{39CCF0B3-F5FA-4F2B-8A30-0C047BF1D847}.Debug|x86.Build.0 = Debug|Any CPU
		{39CCF0B3-F5FA-4F2B-8A30-0C047BF1D847}.Release|Any CPU.ActiveCfg = Release|Any CPU
		{39CCF0B3-F5FA-4F2B-8A30-0C047BF1D847}.Release|Any CPU.Build.0 = Release|Any CPU
		{39CCF0B3-F5FA-4F2B-8A30-0C047BF1D847}.Release|x64.ActiveCfg = Release|Any CPU
		{39CCF0B3-F5FA-4F2B-8A30-0C047BF1D847}.Release|x64.Build.0 = Release|Any CPU
		{39CCF0B3-F5FA-4F2B-8A30-0C047BF1D847}.Release|x86.ActiveCfg = Release|Any CPU
		{39CCF0B3-F5FA-4F2B-8A30-0C047BF1D847}.Release|x86.Build.0 = Release|Any CPU
		{4F0923B8-F638-4790-851A-7686D5E770AE}.Debug|Any CPU.ActiveCfg = Debug|Any CPU
		{4F0923B8-F638-4790-851A-7686D5E770AE}.Debug|Any CPU.Build.0 = Debug|Any CPU
		{4F0923B8-F638-4790-851A-7686D5E770AE}.Debug|x64.ActiveCfg = Debug|Any CPU
		{4F0923B8-F638-4790-851A-7686D5E770AE}.Debug|x64.Build.0 = Debug|Any CPU
		{4F0923B8-F638-4790-851A-7686D5E770AE}.Debug|x86.ActiveCfg = Debug|Any CPU
		{4F0923B8-F638-4790-851A-7686D5E770AE}.Debug|x86.Build.0 = Debug|Any CPU
		{4F0923B8-F638-4790-851A-7686D5E770AE}.Release|Any CPU.ActiveCfg = Release|Any CPU
		{4F0923B8-F638-4790-851A-7686D5E770AE}.Release|Any CPU.Build.0 = Release|Any CPU
		{4F0923B8-F638-4790-851A-7686D5E770AE}.Release|x64.ActiveCfg = Release|Any CPU
		{4F0923B8-F638-4790-851A-7686D5E770AE}.Release|x64.Build.0 = Release|Any CPU
		{4F0923B8-F638-4790-851A-7686D5E770AE}.Release|x86.ActiveCfg = Release|Any CPU
		{4F0923B8-F638-4790-851A-7686D5E770AE}.Release|x86.Build.0 = Release|Any CPU
		{83952A57-94C4-4F87-8D10-9D1463D8C90B}.Debug|Any CPU.ActiveCfg = Debug|Any CPU
		{83952A57-94C4-4F87-8D10-9D1463D8C90B}.Debug|Any CPU.Build.0 = Debug|Any CPU
		{83952A57-94C4-4F87-8D10-9D1463D8C90B}.Debug|x64.ActiveCfg = Debug|Any CPU
		{83952A57-94C4-4F87-8D10-9D1463D8C90B}.Debug|x64.Build.0 = Debug|Any CPU
		{83952A57-94C4-4F87-8D10-9D1463D8C90B}.Debug|x86.ActiveCfg = Debug|Any CPU
		{83952A57-94C4-4F87-8D10-9D1463D8C90B}.Debug|x86.Build.0 = Debug|Any CPU
		{83952A57-94C4-4F87-8D10-9D1463D8C90B}.Release|Any CPU.ActiveCfg = Release|Any CPU
		{83952A57-94C4-4F87-8D10-9D1463D8C90B}.Release|Any CPU.Build.0 = Release|Any CPU
		{83952A57-94C4-4F87-8D10-9D1463D8C90B}.Release|x64.ActiveCfg = Release|Any CPU
		{83952A57-94C4-4F87-8D10-9D1463D8C90B}.Release|x64.Build.0 = Release|Any CPU
		{83952A57-94C4-4F87-8D10-9D1463D8C90B}.Release|x86.ActiveCfg = Release|Any CPU
		{83952A57-94C4-4F87-8D10-9D1463D8C90B}.Release|x86.Build.0 = Release|Any CPU
		{ABEC5877-000F-429E-B593-794513080615}.Debug|Any CPU.ActiveCfg = Debug|Any CPU
		{ABEC5877-000F-429E-B593-794513080615}.Debug|Any CPU.Build.0 = Debug|Any CPU
		{ABEC5877-000F-429E-B593-794513080615}.Debug|x64.ActiveCfg = Debug|Any CPU
		{ABEC5877-000F-429E-B593-794513080615}.Debug|x64.Build.0 = Debug|Any CPU
		{ABEC5877-000F-429E-B593-794513080615}.Debug|x86.ActiveCfg = Debug|Any CPU
		{ABEC5877-000F-429E-B593-794513080615}.Debug|x86.Build.0 = Debug|Any CPU
		{ABEC5877-000F-429E-B593-794513080615}.Release|Any CPU.ActiveCfg = Release|Any CPU
		{ABEC5877-000F-429E-B593-794513080615}.Release|Any CPU.Build.0 = Release|Any CPU
		{ABEC5877-000F-429E-B593-794513080615}.Release|x64.ActiveCfg = Release|Any CPU
		{ABEC5877-000F-429E-B593-794513080615}.Release|x64.Build.0 = Release|Any CPU
		{ABEC5877-000F-429E-B593-794513080615}.Release|x86.ActiveCfg = Release|Any CPU
		{ABEC5877-000F-429E-B593-794513080615}.Release|x86.Build.0 = Release|Any CPU
		{46276413-A415-404B-A33B-2F002B374A2A}.Debug|Any CPU.ActiveCfg = Debug|Any CPU
		{46276413-A415-404B-A33B-2F002B374A2A}.Debug|Any CPU.Build.0 = Debug|Any CPU
		{46276413-A415-404B-A33B-2F002B374A2A}.Debug|x64.ActiveCfg = Debug|Any CPU
		{46276413-A415-404B-A33B-2F002B374A2A}.Debug|x64.Build.0 = Debug|Any CPU
		{46276413-A415-404B-A33B-2F002B374A2A}.Debug|x86.ActiveCfg = Debug|Any CPU
		{46276413-A415-404B-A33B-2F002B374A2A}.Debug|x86.Build.0 = Debug|Any CPU
		{46276413-A415-404B-A33B-2F002B374A2A}.Release|Any CPU.ActiveCfg = Release|Any CPU
		{46276413-A415-404B-A33B-2F002B374A2A}.Release|Any CPU.Build.0 = Release|Any CPU
		{46276413-A415-404B-A33B-2F002B374A2A}.Release|x64.ActiveCfg = Release|Any CPU
		{46276413-A415-404B-A33B-2F002B374A2A}.Release|x64.Build.0 = Release|Any CPU
		{46276413-A415-404B-A33B-2F002B374A2A}.Release|x86.ActiveCfg = Release|Any CPU
		{46276413-A415-404B-A33B-2F002B374A2A}.Release|x86.Build.0 = Release|Any CPU
		{CA1C113B-BF72-44E4-BD0B-5EF34667948E}.Debug|Any CPU.ActiveCfg = Debug|Any CPU
		{CA1C113B-BF72-44E4-BD0B-5EF34667948E}.Debug|Any CPU.Build.0 = Debug|Any CPU
		{CA1C113B-BF72-44E4-BD0B-5EF34667948E}.Debug|x64.ActiveCfg = Debug|Any CPU
		{CA1C113B-BF72-44E4-BD0B-5EF34667948E}.Debug|x64.Build.0 = Debug|Any CPU
		{CA1C113B-BF72-44E4-BD0B-5EF34667948E}.Debug|x86.ActiveCfg = Debug|Any CPU
		{CA1C113B-BF72-44E4-BD0B-5EF34667948E}.Debug|x86.Build.0 = Debug|Any CPU
		{CA1C113B-BF72-44E4-BD0B-5EF34667948E}.Release|Any CPU.ActiveCfg = Release|Any CPU
		{CA1C113B-BF72-44E4-BD0B-5EF34667948E}.Release|Any CPU.Build.0 = Release|Any CPU
		{CA1C113B-BF72-44E4-BD0B-5EF34667948E}.Release|x64.ActiveCfg = Release|Any CPU
		{CA1C113B-BF72-44E4-BD0B-5EF34667948E}.Release|x64.Build.0 = Release|Any CPU
		{CA1C113B-BF72-44E4-BD0B-5EF34667948E}.Release|x86.ActiveCfg = Release|Any CPU
		{CA1C113B-BF72-44E4-BD0B-5EF34667948E}.Release|x86.Build.0 = Release|Any CPU
		{E9A613C4-D1C1-4DDC-A42C-BBBDF680A1A0}.Debug|Any CPU.ActiveCfg = Debug|Any CPU
		{E9A613C4-D1C1-4DDC-A42C-BBBDF680A1A0}.Debug|Any CPU.Build.0 = Debug|Any CPU
		{E9A613C4-D1C1-4DDC-A42C-BBBDF680A1A0}.Debug|x64.ActiveCfg = Debug|Any CPU
		{E9A613C4-D1C1-4DDC-A42C-BBBDF680A1A0}.Debug|x64.Build.0 = Debug|Any CPU
		{E9A613C4-D1C1-4DDC-A42C-BBBDF680A1A0}.Debug|x86.ActiveCfg = Debug|Any CPU
		{E9A613C4-D1C1-4DDC-A42C-BBBDF680A1A0}.Debug|x86.Build.0 = Debug|Any CPU
		{E9A613C4-D1C1-4DDC-A42C-BBBDF680A1A0}.Release|Any CPU.ActiveCfg = Release|Any CPU
		{E9A613C4-D1C1-4DDC-A42C-BBBDF680A1A0}.Release|Any CPU.Build.0 = Release|Any CPU
		{E9A613C4-D1C1-4DDC-A42C-BBBDF680A1A0}.Release|x64.ActiveCfg = Release|Any CPU
		{E9A613C4-D1C1-4DDC-A42C-BBBDF680A1A0}.Release|x64.Build.0 = Release|Any CPU
		{E9A613C4-D1C1-4DDC-A42C-BBBDF680A1A0}.Release|x86.ActiveCfg = Release|Any CPU
		{E9A613C4-D1C1-4DDC-A42C-BBBDF680A1A0}.Release|x86.Build.0 = Release|Any CPU
		{06D29E26-0B16-4FA2-9AA7-9E8DC60566A1}.Debug|Any CPU.ActiveCfg = Debug|Any CPU
		{06D29E26-0B16-4FA2-9AA7-9E8DC60566A1}.Debug|Any CPU.Build.0 = Debug|Any CPU
		{06D29E26-0B16-4FA2-9AA7-9E8DC60566A1}.Debug|x64.ActiveCfg = Debug|Any CPU
		{06D29E26-0B16-4FA2-9AA7-9E8DC60566A1}.Debug|x64.Build.0 = Debug|Any CPU
		{06D29E26-0B16-4FA2-9AA7-9E8DC60566A1}.Debug|x86.ActiveCfg = Debug|Any CPU
		{06D29E26-0B16-4FA2-9AA7-9E8DC60566A1}.Debug|x86.Build.0 = Debug|Any CPU
		{06D29E26-0B16-4FA2-9AA7-9E8DC60566A1}.Release|Any CPU.ActiveCfg = Release|Any CPU
		{06D29E26-0B16-4FA2-9AA7-9E8DC60566A1}.Release|Any CPU.Build.0 = Release|Any CPU
		{06D29E26-0B16-4FA2-9AA7-9E8DC60566A1}.Release|x64.ActiveCfg = Release|Any CPU
		{06D29E26-0B16-4FA2-9AA7-9E8DC60566A1}.Release|x64.Build.0 = Release|Any CPU
		{06D29E26-0B16-4FA2-9AA7-9E8DC60566A1}.Release|x86.ActiveCfg = Release|Any CPU
		{06D29E26-0B16-4FA2-9AA7-9E8DC60566A1}.Release|x86.Build.0 = Release|Any CPU
		{574CE937-A206-4D85-AB67-9CD110A032FD}.Debug|Any CPU.ActiveCfg = Debug|Any CPU
		{574CE937-A206-4D85-AB67-9CD110A032FD}.Debug|Any CPU.Build.0 = Debug|Any CPU
		{574CE937-A206-4D85-AB67-9CD110A032FD}.Debug|x64.ActiveCfg = Debug|Any CPU
		{574CE937-A206-4D85-AB67-9CD110A032FD}.Debug|x64.Build.0 = Debug|Any CPU
		{574CE937-A206-4D85-AB67-9CD110A032FD}.Debug|x86.ActiveCfg = Debug|Any CPU
		{574CE937-A206-4D85-AB67-9CD110A032FD}.Debug|x86.Build.0 = Debug|Any CPU
		{574CE937-A206-4D85-AB67-9CD110A032FD}.Release|Any CPU.ActiveCfg = Release|Any CPU
		{574CE937-A206-4D85-AB67-9CD110A032FD}.Release|Any CPU.Build.0 = Release|Any CPU
		{574CE937-A206-4D85-AB67-9CD110A032FD}.Release|x64.ActiveCfg = Release|Any CPU
		{574CE937-A206-4D85-AB67-9CD110A032FD}.Release|x64.Build.0 = Release|Any CPU
		{574CE937-A206-4D85-AB67-9CD110A032FD}.Release|x86.ActiveCfg = Release|Any CPU
		{574CE937-A206-4D85-AB67-9CD110A032FD}.Release|x86.Build.0 = Release|Any CPU
		{CF6E70A4-E026-4B16-A5D1-DFA35865A940}.Debug|Any CPU.ActiveCfg = Debug|Any CPU
		{CF6E70A4-E026-4B16-A5D1-DFA35865A940}.Debug|Any CPU.Build.0 = Debug|Any CPU
		{CF6E70A4-E026-4B16-A5D1-DFA35865A940}.Debug|x64.ActiveCfg = Debug|Any CPU
		{CF6E70A4-E026-4B16-A5D1-DFA35865A940}.Debug|x64.Build.0 = Debug|Any CPU
		{CF6E70A4-E026-4B16-A5D1-DFA35865A940}.Debug|x86.ActiveCfg = Debug|Any CPU
		{CF6E70A4-E026-4B16-A5D1-DFA35865A940}.Debug|x86.Build.0 = Debug|Any CPU
		{CF6E70A4-E026-4B16-A5D1-DFA35865A940}.Release|Any CPU.ActiveCfg = Release|Any CPU
		{CF6E70A4-E026-4B16-A5D1-DFA35865A940}.Release|Any CPU.Build.0 = Release|Any CPU
		{CF6E70A4-E026-4B16-A5D1-DFA35865A940}.Release|x64.ActiveCfg = Release|Any CPU
		{CF6E70A4-E026-4B16-A5D1-DFA35865A940}.Release|x64.Build.0 = Release|Any CPU
		{CF6E70A4-E026-4B16-A5D1-DFA35865A940}.Release|x86.ActiveCfg = Release|Any CPU
		{CF6E70A4-E026-4B16-A5D1-DFA35865A940}.Release|x86.Build.0 = Release|Any CPU
		{1F73A997-E8F7-44A1-BB5A-E46BFE7B6176}.Debug|Any CPU.ActiveCfg = Debug|Any CPU
		{1F73A997-E8F7-44A1-BB5A-E46BFE7B6176}.Debug|Any CPU.Build.0 = Debug|Any CPU
		{1F73A997-E8F7-44A1-BB5A-E46BFE7B6176}.Debug|x64.ActiveCfg = Debug|Any CPU
		{1F73A997-E8F7-44A1-BB5A-E46BFE7B6176}.Debug|x64.Build.0 = Debug|Any CPU
		{1F73A997-E8F7-44A1-BB5A-E46BFE7B6176}.Debug|x86.ActiveCfg = Debug|Any CPU
		{1F73A997-E8F7-44A1-BB5A-E46BFE7B6176}.Debug|x86.Build.0 = Debug|Any CPU
		{1F73A997-E8F7-44A1-BB5A-E46BFE7B6176}.Release|Any CPU.ActiveCfg = Release|Any CPU
		{1F73A997-E8F7-44A1-BB5A-E46BFE7B6176}.Release|Any CPU.Build.0 = Release|Any CPU
		{1F73A997-E8F7-44A1-BB5A-E46BFE7B6176}.Release|x64.ActiveCfg = Release|Any CPU
		{1F73A997-E8F7-44A1-BB5A-E46BFE7B6176}.Release|x64.Build.0 = Release|Any CPU
		{1F73A997-E8F7-44A1-BB5A-E46BFE7B6176}.Release|x86.ActiveCfg = Release|Any CPU
		{1F73A997-E8F7-44A1-BB5A-E46BFE7B6176}.Release|x86.Build.0 = Release|Any CPU
		{8EAD9FB5-301E-43B7-AE81-9A5A790DEBDA}.Debug|Any CPU.ActiveCfg = Debug|Any CPU
		{8EAD9FB5-301E-43B7-AE81-9A5A790DEBDA}.Debug|Any CPU.Build.0 = Debug|Any CPU
		{8EAD9FB5-301E-43B7-AE81-9A5A790DEBDA}.Debug|x64.ActiveCfg = Debug|Any CPU
		{8EAD9FB5-301E-43B7-AE81-9A5A790DEBDA}.Debug|x64.Build.0 = Debug|Any CPU
		{8EAD9FB5-301E-43B7-AE81-9A5A790DEBDA}.Debug|x86.ActiveCfg = Debug|Any CPU
		{8EAD9FB5-301E-43B7-AE81-9A5A790DEBDA}.Debug|x86.Build.0 = Debug|Any CPU
		{8EAD9FB5-301E-43B7-AE81-9A5A790DEBDA}.Release|Any CPU.ActiveCfg = Release|Any CPU
		{8EAD9FB5-301E-43B7-AE81-9A5A790DEBDA}.Release|Any CPU.Build.0 = Release|Any CPU
		{8EAD9FB5-301E-43B7-AE81-9A5A790DEBDA}.Release|x64.ActiveCfg = Release|Any CPU
		{8EAD9FB5-301E-43B7-AE81-9A5A790DEBDA}.Release|x64.Build.0 = Release|Any CPU
		{8EAD9FB5-301E-43B7-AE81-9A5A790DEBDA}.Release|x86.ActiveCfg = Release|Any CPU
		{8EAD9FB5-301E-43B7-AE81-9A5A790DEBDA}.Release|x86.Build.0 = Release|Any CPU
		{DA02733F-AB69-48E0-BA7B-7093C590726A}.Debug|Any CPU.ActiveCfg = Debug|Any CPU
		{DA02733F-AB69-48E0-BA7B-7093C590726A}.Debug|Any CPU.Build.0 = Debug|Any CPU
		{DA02733F-AB69-48E0-BA7B-7093C590726A}.Debug|x64.ActiveCfg = Debug|Any CPU
		{DA02733F-AB69-48E0-BA7B-7093C590726A}.Debug|x64.Build.0 = Debug|Any CPU
		{DA02733F-AB69-48E0-BA7B-7093C590726A}.Debug|x86.ActiveCfg = Debug|Any CPU
		{DA02733F-AB69-48E0-BA7B-7093C590726A}.Debug|x86.Build.0 = Debug|Any CPU
		{DA02733F-AB69-48E0-BA7B-7093C590726A}.Release|Any CPU.ActiveCfg = Release|Any CPU
		{DA02733F-AB69-48E0-BA7B-7093C590726A}.Release|Any CPU.Build.0 = Release|Any CPU
		{DA02733F-AB69-48E0-BA7B-7093C590726A}.Release|x64.ActiveCfg = Release|Any CPU
		{DA02733F-AB69-48E0-BA7B-7093C590726A}.Release|x64.Build.0 = Release|Any CPU
		{DA02733F-AB69-48E0-BA7B-7093C590726A}.Release|x86.ActiveCfg = Release|Any CPU
		{DA02733F-AB69-48E0-BA7B-7093C590726A}.Release|x86.Build.0 = Release|Any CPU
		{19351679-BBA5-4A7B-8FE1-8EB454B871C6}.Debug|Any CPU.ActiveCfg = Debug|Any CPU
		{19351679-BBA5-4A7B-8FE1-8EB454B871C6}.Debug|Any CPU.Build.0 = Debug|Any CPU
		{19351679-BBA5-4A7B-8FE1-8EB454B871C6}.Debug|x64.ActiveCfg = Debug|Any CPU
		{19351679-BBA5-4A7B-8FE1-8EB454B871C6}.Debug|x64.Build.0 = Debug|Any CPU
		{19351679-BBA5-4A7B-8FE1-8EB454B871C6}.Debug|x86.ActiveCfg = Debug|Any CPU
		{19351679-BBA5-4A7B-8FE1-8EB454B871C6}.Debug|x86.Build.0 = Debug|Any CPU
		{19351679-BBA5-4A7B-8FE1-8EB454B871C6}.Release|Any CPU.ActiveCfg = Release|Any CPU
		{19351679-BBA5-4A7B-8FE1-8EB454B871C6}.Release|Any CPU.Build.0 = Release|Any CPU
		{19351679-BBA5-4A7B-8FE1-8EB454B871C6}.Release|x64.ActiveCfg = Release|Any CPU
		{19351679-BBA5-4A7B-8FE1-8EB454B871C6}.Release|x64.Build.0 = Release|Any CPU
		{19351679-BBA5-4A7B-8FE1-8EB454B871C6}.Release|x86.ActiveCfg = Release|Any CPU
		{19351679-BBA5-4A7B-8FE1-8EB454B871C6}.Release|x86.Build.0 = Release|Any CPU
		{3C87466A-693D-4970-99F5-F6F3038BBBD2}.Debug|Any CPU.ActiveCfg = Debug|Any CPU
		{3C87466A-693D-4970-99F5-F6F3038BBBD2}.Debug|Any CPU.Build.0 = Debug|Any CPU
		{3C87466A-693D-4970-99F5-F6F3038BBBD2}.Debug|x64.ActiveCfg = Debug|Any CPU
		{3C87466A-693D-4970-99F5-F6F3038BBBD2}.Debug|x64.Build.0 = Debug|Any CPU
		{3C87466A-693D-4970-99F5-F6F3038BBBD2}.Debug|x86.ActiveCfg = Debug|Any CPU
		{3C87466A-693D-4970-99F5-F6F3038BBBD2}.Debug|x86.Build.0 = Debug|Any CPU
		{3C87466A-693D-4970-99F5-F6F3038BBBD2}.Release|Any CPU.ActiveCfg = Release|Any CPU
		{3C87466A-693D-4970-99F5-F6F3038BBBD2}.Release|Any CPU.Build.0 = Release|Any CPU
		{3C87466A-693D-4970-99F5-F6F3038BBBD2}.Release|x64.ActiveCfg = Release|Any CPU
		{3C87466A-693D-4970-99F5-F6F3038BBBD2}.Release|x64.Build.0 = Release|Any CPU
		{3C87466A-693D-4970-99F5-F6F3038BBBD2}.Release|x86.ActiveCfg = Release|Any CPU
		{3C87466A-693D-4970-99F5-F6F3038BBBD2}.Release|x86.Build.0 = Release|Any CPU
		{C146989E-98E1-4D09-840C-EEE72D603501}.Debug|Any CPU.ActiveCfg = Debug|Any CPU
		{C146989E-98E1-4D09-840C-EEE72D603501}.Debug|Any CPU.Build.0 = Debug|Any CPU
		{C146989E-98E1-4D09-840C-EEE72D603501}.Debug|x64.ActiveCfg = Debug|Any CPU
		{C146989E-98E1-4D09-840C-EEE72D603501}.Debug|x64.Build.0 = Debug|Any CPU
		{C146989E-98E1-4D09-840C-EEE72D603501}.Debug|x86.ActiveCfg = Debug|Any CPU
		{C146989E-98E1-4D09-840C-EEE72D603501}.Debug|x86.Build.0 = Debug|Any CPU
		{C146989E-98E1-4D09-840C-EEE72D603501}.Release|Any CPU.ActiveCfg = Release|Any CPU
		{C146989E-98E1-4D09-840C-EEE72D603501}.Release|Any CPU.Build.0 = Release|Any CPU
		{C146989E-98E1-4D09-840C-EEE72D603501}.Release|x64.ActiveCfg = Release|Any CPU
		{C146989E-98E1-4D09-840C-EEE72D603501}.Release|x64.Build.0 = Release|Any CPU
		{C146989E-98E1-4D09-840C-EEE72D603501}.Release|x86.ActiveCfg = Release|Any CPU
		{C146989E-98E1-4D09-840C-EEE72D603501}.Release|x86.Build.0 = Release|Any CPU
		{304AD1E0-B332-4C09-98C3-EECE3A5CAC87}.Debug|Any CPU.ActiveCfg = Debug|Any CPU
		{304AD1E0-B332-4C09-98C3-EECE3A5CAC87}.Debug|Any CPU.Build.0 = Debug|Any CPU
		{304AD1E0-B332-4C09-98C3-EECE3A5CAC87}.Debug|x64.ActiveCfg = Debug|Any CPU
		{304AD1E0-B332-4C09-98C3-EECE3A5CAC87}.Debug|x64.Build.0 = Debug|Any CPU
		{304AD1E0-B332-4C09-98C3-EECE3A5CAC87}.Debug|x86.ActiveCfg = Debug|Any CPU
		{304AD1E0-B332-4C09-98C3-EECE3A5CAC87}.Debug|x86.Build.0 = Debug|Any CPU
		{304AD1E0-B332-4C09-98C3-EECE3A5CAC87}.Release|Any CPU.ActiveCfg = Release|Any CPU
		{304AD1E0-B332-4C09-98C3-EECE3A5CAC87}.Release|Any CPU.Build.0 = Release|Any CPU
		{304AD1E0-B332-4C09-98C3-EECE3A5CAC87}.Release|x64.ActiveCfg = Release|Any CPU
		{304AD1E0-B332-4C09-98C3-EECE3A5CAC87}.Release|x64.Build.0 = Release|Any CPU
		{304AD1E0-B332-4C09-98C3-EECE3A5CAC87}.Release|x86.ActiveCfg = Release|Any CPU
		{304AD1E0-B332-4C09-98C3-EECE3A5CAC87}.Release|x86.Build.0 = Release|Any CPU
		{DA0E1A15-7C47-48B0-8CC0-1B2D82583F76}.Debug|Any CPU.ActiveCfg = Debug|Any CPU
		{DA0E1A15-7C47-48B0-8CC0-1B2D82583F76}.Debug|Any CPU.Build.0 = Debug|Any CPU
		{DA0E1A15-7C47-48B0-8CC0-1B2D82583F76}.Debug|x64.ActiveCfg = Debug|Any CPU
		{DA0E1A15-7C47-48B0-8CC0-1B2D82583F76}.Debug|x64.Build.0 = Debug|Any CPU
		{DA0E1A15-7C47-48B0-8CC0-1B2D82583F76}.Debug|x86.ActiveCfg = Debug|Any CPU
		{DA0E1A15-7C47-48B0-8CC0-1B2D82583F76}.Debug|x86.Build.0 = Debug|Any CPU
		{DA0E1A15-7C47-48B0-8CC0-1B2D82583F76}.Release|Any CPU.ActiveCfg = Release|Any CPU
		{DA0E1A15-7C47-48B0-8CC0-1B2D82583F76}.Release|Any CPU.Build.0 = Release|Any CPU
		{DA0E1A15-7C47-48B0-8CC0-1B2D82583F76}.Release|x64.ActiveCfg = Release|Any CPU
		{DA0E1A15-7C47-48B0-8CC0-1B2D82583F76}.Release|x64.Build.0 = Release|Any CPU
		{DA0E1A15-7C47-48B0-8CC0-1B2D82583F76}.Release|x86.ActiveCfg = Release|Any CPU
		{DA0E1A15-7C47-48B0-8CC0-1B2D82583F76}.Release|x86.Build.0 = Release|Any CPU
	EndGlobalSection
	GlobalSection(SolutionProperties) = preSolution
		HideSolutionNode = FALSE
	EndGlobalSection
	GlobalSection(NestedProjects) = preSolution
		{E2C5B751-8647-4969-83C3-5BFF05B34040} = {827E0CD3-B72D-47B6-A68D-7590B98EB39B}
		{39CCF0B3-F5FA-4F2B-8A30-0C047BF1D847} = {827E0CD3-B72D-47B6-A68D-7590B98EB39B}
		{4F0923B8-F638-4790-851A-7686D5E770AE} = {827E0CD3-B72D-47B6-A68D-7590B98EB39B}
		{83952A57-94C4-4F87-8D10-9D1463D8C90B} = {827E0CD3-B72D-47B6-A68D-7590B98EB39B}
		{ABEC5877-000F-429E-B593-794513080615} = {827E0CD3-B72D-47B6-A68D-7590B98EB39B}
		{46276413-A415-404B-A33B-2F002B374A2A} = {827E0CD3-B72D-47B6-A68D-7590B98EB39B}
		{CA1C113B-BF72-44E4-BD0B-5EF34667948E} = {827E0CD3-B72D-47B6-A68D-7590B98EB39B}
		{E9A613C4-D1C1-4DDC-A42C-BBBDF680A1A0} = {827E0CD3-B72D-47B6-A68D-7590B98EB39B}
		{06D29E26-0B16-4FA2-9AA7-9E8DC60566A1} = {827E0CD3-B72D-47B6-A68D-7590B98EB39B}
		{574CE937-A206-4D85-AB67-9CD110A032FD} = {827E0CD3-B72D-47B6-A68D-7590B98EB39B}
		{CF6E70A4-E026-4B16-A5D1-DFA35865A940} = {827E0CD3-B72D-47B6-A68D-7590B98EB39B}
		{1F73A997-E8F7-44A1-BB5A-E46BFE7B6176} = {827E0CD3-B72D-47B6-A68D-7590B98EB39B}
		{8EAD9FB5-301E-43B7-AE81-9A5A790DEBDA} = {827E0CD3-B72D-47B6-A68D-7590B98EB39B}
		{DA02733F-AB69-48E0-BA7B-7093C590726A} = {827E0CD3-B72D-47B6-A68D-7590B98EB39B}
		{19351679-BBA5-4A7B-8FE1-8EB454B871C6} = {827E0CD3-B72D-47B6-A68D-7590B98EB39B}
		{3C87466A-693D-4970-99F5-F6F3038BBBD2} = {827E0CD3-B72D-47B6-A68D-7590B98EB39B}
		{C146989E-98E1-4D09-840C-EEE72D603501} = {827E0CD3-B72D-47B6-A68D-7590B98EB39B}
		{304AD1E0-B332-4C09-98C3-EECE3A5CAC87} = {827E0CD3-B72D-47B6-A68D-7590B98EB39B}
		{DA0E1A15-7C47-48B0-8CC0-1B2D82583F76} = {827E0CD3-B72D-47B6-A68D-7590B98EB39B}
	EndGlobalSection
EndGlobal
